
Microsoft Visual Studio Solution File, Format Version 12.00
# Visual Studio Version 16
VisualStudioVersion = 16.0.30114.105
MinimumVisualStudioVersion = 10.0.40219.1
Project("{FAE04EC0-301F-11D3-BF4B-00C04F79EFBC}") = "RoleRightApp", "RoleRightApp\RoleRightApp.csproj", "{C7874117-1049-4451-8ACA-E99A12E49ED3}"
EndProject
Project("{FAE04EC0-301F-11D3-BF4B-00C04F79EFBC}") = "MySqlConnector", "MySqlConnector\MySqlConnector.csproj", "{03AB06D8-60C2-49A8-86F6-2F25B1A8CF6F}"
EndProject
Global
	GlobalSection(SolutionConfigurationPlatforms) = preSolution
		Debug|Any CPU = Debug|Any CPU
		Release|Any CPU = Release|Any CPU
	EndGlobalSection
	GlobalSection(SolutionProperties) = preSolution
		HideSolutionNode = FALSE
	EndGlobalSection
	GlobalSection(ProjectConfigurationPlatforms) = postSolution
		{C7874117-1049-4451-8ACA-E99A12E49ED3}.Debug|Any CPU.ActiveCfg = Debug|Any CPU
		{C7874117-1049-4451-8ACA-E99A12E49ED3}.Debug|Any CPU.Build.0 = Debug|Any CPU
		{C7874117-1049-4451-8ACA-E99A12E49ED3}.Release|Any CPU.ActiveCfg = Release|Any CPU
		{C7874117-1049-4451-8ACA-E99A12E49ED3}.Release|Any CPU.Build.0 = Release|Any CPU
		{03AB06D8-60C2-49A8-86F6-2F25B1A8CF6F}.Debug|Any CPU.ActiveCfg = Debug|Any CPU
		{03AB06D8-60C2-49A8-86F6-2F25B1A8CF6F}.Debug|Any CPU.Build.0 = Debug|Any CPU
		{03AB06D8-60C2-49A8-86F6-2F25B1A8CF6F}.Release|Any CPU.ActiveCfg = Release|Any CPU
		{03AB06D8-60C2-49A8-86F6-2F25B1A8CF6F}.Release|Any CPU.Build.0 = Release|Any CPU
	EndGlobalSection
EndGlobal
